
Microsoft Visual Studio Solution File, Format Version 12.00
# Visual Studio Version 16
VisualStudioVersion = 16.0.29709.97
MinimumVisualStudioVersion = 15.0.26124.0
Project("{9A19103F-16F7-4668-BE54-9A1E7A4F7556}") = "WebApplication", "WebApplication.csproj", "{4F6A03C1-8F0E-43A3-9CA0-9CF8CB096048}"
EndProject
Global
	GlobalSection(SolutionConfigurationPlatforms) = preSolution
		Debug|x64 = Debug|x64
		Release|x64 = Release|x64
	EndGlobalSection
	GlobalSection(ProjectConfigurationPlatforms) = postSolution
		{4F6A03C1-8F0E-43A3-9CA0-9CF8CB096048}.Debug|x64.ActiveCfg = Debug|x64
		{4F6A03C1-8F0E-43A3-9CA0-9CF8CB096048}.Debug|x64.Build.0 = Debug|x64
		{4F6A03C1-8F0E-43A3-9CA0-9CF8CB096048}.Release|x64.ActiveCfg = Release|x64
		{4F6A03C1-8F0E-43A3-9CA0-9CF8CB096048}.Release|x64.Build.0 = Release|x64
	EndGlobalSection
	GlobalSection(SolutionProperties) = preSolution
		HideSolutionNode = FALSE
	EndGlobalSection
	GlobalSection(ExtensibilityGlobals) = postSolution
		SolutionGuid = {14144A86-65CA-48AE-B400-B3159B582E73}
	EndGlobalSection
EndGlobal
